github.com/go-ole/go-ole v1.2.4 h1:nNBDSCOigTSiarFpYE9J/KtEA1IOW4CNeqT9TQDqCxI=
github.com/go-ole/go-ole v1.2.4/go.mod h1:XCwSNxSkXRo4vlyPy93sltvi/qJq0jqQhjqQNIwKuxM=
github.com/moutend/go-wca v0.1.2-0.20190422112502-0fa027b3d89a h1:Wj4QVobenlh7mW3g4L0meqGHvJtJ5PijTvGoX4vxCiw=
github.com/moutend/go-wca v0.1.2-0.20190422112502-0fa027b3d89a/go.mod h1:tOejf27SfSMa+8LuMhPE0bdaFNnoxlmMGvo/VwAWi7Q=
